
Microsoft Visual Studio Solution File, Format Version 12.00
# Visual Studio Version 17
VisualStudioVersion = 17.3.32901.215
MinimumVisualStudioVersion = 10.0.40219.1
Project("{888888A0-9F3D-457C-B088-3A5042F75D52}") = "2023.01.05_HCI final 10", "2023.01.05_HCI final 10.pyproj", "{DCB4705B-401C-46C5-A4CB-B5E44091B663}"
EndProject
Global
	GlobalSection(SolutionConfigurationPlatforms) = preSolution
		Debug|Any CPU = Debug|Any CPU
		Release|Any CPU = Release|Any CPU
	EndGlobalSection
	GlobalSection(ProjectConfigurationPlatforms) = postSolution
		{DCB4705B-401C-46C5-A4CB-B5E44091B663}.Debug|Any CPU.ActiveCfg = Debug|Any CPU
		{DCB4705B-401C-46C5-A4CB-B5E44091B663}.Release|Any CPU.ActiveCfg = Release|Any CPU
	EndGlobalSection
	GlobalSection(SolutionProperties) = preSolution
		HideSolutionNode = FALSE
	EndGlobalSection
	GlobalSection(ExtensibilityGlobals) = postSolution
		SolutionGuid = {45F15CC3-1E68-4BF8-B4FE-E1E8E50684D6}
	EndGlobalSection
EndGlobal
